
Microsoft Visual Studio Solution File, Format Version 12.00
# Visual Studio Version 16
VisualStudioVersion = 16.0.29509.3
MinimumVisualStudioVersion = 10.0.40219.1
Project("{FAE04EC0-301F-11D3-BF4B-00C04F79EFBC}") = "Capitulo10Ejercicios", "Capitulo10Ejercicios.csproj", "{4A8325A6-88BE-4194-87B0-4FA1603322BB}"
EndProject
Global
	GlobalSection(SolutionConfigurationPlatforms) = preSolution
		Debug|Any CPU = Debug|Any CPU
		Release|Any CPU = Release|Any CPU
	EndGlobalSection
	GlobalSection(ProjectConfigurationPlatforms) = postSolution
		{4A8325A6-88BE-4194-87B0-4FA1603322BB}.Debug|Any CPU.ActiveCfg = Debug|Any CPU
		{4A8325A6-88BE-4194-87B0-4FA1603322BB}.Debug|Any CPU.Build.0 = Debug|Any CPU
		{4A8325A6-88BE-4194-87B0-4FA1603322BB}.Release|Any CPU.ActiveCfg = Release|Any CPU
		{4A8325A6-88BE-4194-87B0-4FA1603322BB}.Release|Any CPU.Build.0 = Release|Any CPU
	EndGlobalSection
	GlobalSection(SolutionProperties) = preSolution
		HideSolutionNode = FALSE
	EndGlobalSection
	GlobalSection(ExtensibilityGlobals) = postSolution
		SolutionGuid = {3EA949E2-2115-481C-96D4-14A7986F5711}
	EndGlobalSection
EndGlobal
